
Microsoft Visual Studio Solution File, Format Version 12.00
# Visual Studio Version 17
VisualStudioVersion = 17.11.35327.3
MinimumVisualStudioVersion = 10.0.40219.1
Project("{FAE04EC0-301F-11D3-BF4B-00C04F79EFBC}") = "IPManager", "IPManager.csproj", "{D2838E93-6277-4CAA-967C-26D889442C0D}"
EndProject
Global
	GlobalSection(SolutionConfigurationPlatforms) = preSolution
		Debug|Any CPU = Debug|Any CPU
		Release|Any CPU = Release|Any CPU
	EndGlobalSection
	GlobalSection(ProjectConfigurationPlatforms) = postSolution
		{D2838E93-6277-4CAA-967C-26D889442C0D}.Debug|Any CPU.ActiveCfg = Debug|Any CPU
		{D2838E93-6277-4CAA-967C-26D889442C0D}.Debug|Any CPU.Build.0 = Debug|Any CPU
		{D2838E93-6277-4CAA-967C-26D889442C0D}.Release|Any CPU.ActiveCfg = Release|Any CPU
		{D2838E93-6277-4CAA-967C-26D889442C0D}.Release|Any CPU.Build.0 = Release|Any CPU
	EndGlobalSection
	GlobalSection(SolutionProperties) = preSolution
		HideSolutionNode = FALSE
	EndGlobalSection
	GlobalSection(ExtensibilityGlobals) = postSolution
		SolutionGuid = {ADF1E2C6-0104-4FA2-A6A1-170D0CAB0020}
	EndGlobalSection
EndGlobal
